<Solution>
  <Folder Name="/Analyzers/">
    <Project Path="analyzers/TrainDude.Architecture.Analyzers.Tests/TrainDude.Architecture.Analyzers.Tests.csproj" />
    <Project Path="analyzers/TrainDude.Architecture.Analyzers/TrainDude.Architecture.Analyzers.csproj" />
  </Folder>
  <Folder Name="/Solution Items/">
    <File Path=".editorconfig" />
    <File Path="Directory.Build.props" />
    <File Path="Directory.Packages.props" />
    <File Path="stylecop.json" />
  </Folder>
  <Folder Name="/Source/">
    <Project Path="src/TrainDude.Features.Trips.Contracts/TrainDude.Features.Trips.Contracts.csproj" />
    <Project Path="src/TrainDude.Features.Trips/TrainDude.Features.Trips.csproj" />
    <Project Path="src/TrainDude.Web.Client/TrainDude.Web.Client.csproj" />
    <Project Path="src/TrainDude.Web/TrainDude.Web.csproj" />
    <Project Path="src/TrainDude.Features.Lines.Contracts/TrainDude.Features.Lines.Contracts.csproj" />
    <Project Path="src/TrainDude.Features.Lines/TrainDude.Features.Lines.csproj" />
    <Project Path="src/TrainDude.Features.Radii.Contracts/TrainDude.Features.Radii.Contracts.csproj" />
    <Project Path="src/TrainDude.Features.Radii/TrainDude.Features.Radii.csproj" />
    <Project Path="src/TrainDude.Features.Segments.Contracts/TrainDude.Features.Segments.Contracts.csproj" />
    <Project Path="src/TrainDude.Features.Segments/TrainDude.Features.Segments.csproj" />
    <Project Path="src/TrainDude.Features.Settings.Contracts/TrainDude.Features.Settings.Contracts.csproj" />
    <Project Path="src/TrainDude.Features.Settings/TrainDude.Features.Settings.csproj" />
    <Project Path="src/TrainDude.Features.Stations.Contracts/TrainDude.Features.Stations.Contracts.csproj" />
    <Project Path="src/TrainDude.Features.Stations/TrainDude.Features.Stations.csproj" />
    <Project Path="src\TrainDude.Features.Shared.Contracts\TrainDude.Features.Shared.Contracts.csproj" />
    <Project Path="src\TrainDude.Features.Shared\TrainDude.Features.Shared.csproj" />
    <Project Path="src\TrainDude.Infrastructure\TrainDude.Infrastructure.csproj" />
  </Folder>
  <Folder Name="/Tests/">
    <Project Path="tests/TrainDude.Domain.Tests/TrainDude.Domain.Tests.csproj" />
    <Project Path="tests/TrainDude.Architecture.Tests/TrainDude.Architecture.Tests.csproj" />
  </Folder>
</Solution>
